// !$*UTF8*$!
{
	archiveVersion = 1;
	classes = {
	};
	objectVersion = 56;
	objects = {

/* Begin PBXBuildFile section */
		F417D261295830150093DFDD /* TextField.swift in Sources */ = {isa = PBXBuildFile; fileRef = F417D260295830150093DFDD /* TextField.swift */; };
		F460D9B92969491D00B3ECD2 /* RootViewController.swift in Sources */ = {isa = PBXBuildFile; fileRef = F460D9B82969491D00B3ECD2 /* RootViewController.swift */; };
		F460D9BB2969515300B3ECD2 /* SplashViewController.swift in Sources */ = {isa = PBXBuildFile; fileRef = F460D9BA2969515300B3ECD2 /* SplashViewController.swift */; };
		F49290DB2955986100DCA0B2 /* AppDelegate.swift in Sources */ = {isa = PBXBuildFile; fileRef = F49290DA2955986100DCA0B2 /* AppDelegate.swift */; };
		F49290DD2955986100DCA0B2 /* SceneDelegate.swift in Sources */ = {isa = PBXBuildFile; fileRef = F49290DC2955986100DCA0B2 /* SceneDelegate.swift */; };
		F49290DF2955986100DCA0B2 /* AuthorizationViewController.swift in Sources */ = {isa = PBXBuildFile; fileRef = F49290DE2955986100DCA0B2 /* AuthorizationViewController.swift */; };
		F49290E42955986300DCA0B2 /* Assets.xcassets in Resources */ = {isa = PBXBuildFile; fileRef = F49290E32955986300DCA0B2 /* Assets.xcassets */; };
		F49290E72955986300DCA0B2 /* LaunchScreen.storyboard in Resources */ = {isa = PBXBuildFile; fileRef = F49290E52955986300DCA0B2 /* LaunchScreen.storyboard */; };
		F49290F429559AD600DCA0B2 /* AuthorizationPresenter.swift in Sources */ = {isa = PBXBuildFile; fileRef = F49290F329559AD600DCA0B2 /* AuthorizationPresenter.swift */; };
		F49290F629559AE600DCA0B2 /* AuthorizationInteractor.swift in Sources */ = {isa = PBXBuildFile; fileRef = F49290F529559AE600DCA0B2 /* AuthorizationInteractor.swift */; };
		F49290F829559AF400DCA0B2 /* AuthorizationRouter.swift in Sources */ = {isa = PBXBuildFile; fileRef = F49290F729559AF400DCA0B2 /* AuthorizationRouter.swift */; };
		F49290FA29559B0A00DCA0B2 /* AuthorizationConfigurator.swift in Sources */ = {isa = PBXBuildFile; fileRef = F49290F929559B0900DCA0B2 /* AuthorizationConfigurator.swift */; };
		F493C1D6296FDFAF00CD483D /* NetworkManager.swift in Sources */ = {isa = PBXBuildFile; fileRef = F493C1D5296FDFAF00CD483D /* NetworkManager.swift */; };
		F49EECB0297668A200D50CFD /* CoinsCell.swift in Sources */ = {isa = PBXBuildFile; fileRef = F49EECAF297668A200D50CFD /* CoinsCell.swift */; };
		F49EECB2297668BB00D50CFD /* CoinsCellViewModel.swift in Sources */ = {isa = PBXBuildFile; fileRef = F49EECB1297668BB00D50CFD /* CoinsCellViewModel.swift */; };
		F4B42735295C0E4000F31B77 /* CoinDetailsViewController.swift in Sources */ = {isa = PBXBuildFile; fileRef = F4B42734295C0E4000F31B77 /* CoinDetailsViewController.swift */; };
		F4B42737295C102F00F31B77 /* CoinDetailPresenter.swift in Sources */ = {isa = PBXBuildFile; fileRef = F4B42736295C102F00F31B77 /* CoinDetailPresenter.swift */; };
		F4B42739295C115B00F31B77 /* CoinDetailsInteractor.swift in Sources */ = {isa = PBXBuildFile; fileRef = F4B42738295C115B00F31B77 /* CoinDetailsInteractor.swift */; };
		F4B4273B295C127800F31B77 /* CoinDetailsConfigurator.swift in Sources */ = {isa = PBXBuildFile; fileRef = F4B4273A295C127800F31B77 /* CoinDetailsConfigurator.swift */; };
		F4BC856729596B550059899B /* CoinsListViewController.swift in Sources */ = {isa = PBXBuildFile; fileRef = F4BC856629596B550059899B /* CoinsListViewController.swift */; };
		F4BC856929596B680059899B /* CoinsListPresenter.swift in Sources */ = {isa = PBXBuildFile; fileRef = F4BC856829596B680059899B /* CoinsListPresenter.swift */; };
		F4BC856B29596B780059899B /* CoinsListInteractor.swift in Sources */ = {isa = PBXBuildFile; fileRef = F4BC856A29596B780059899B /* CoinsListInteractor.swift */; };
		F4BC856D29596B840059899B /* CoinsListRouter.swift in Sources */ = {isa = PBXBuildFile; fileRef = F4BC856C29596B840059899B /* CoinsListRouter.swift */; };
		F4BC856F29596B8F0059899B /* CoinsListConfigurator.swift in Sources */ = {isa = PBXBuildFile; fileRef = F4BC856E29596B8F0059899B /* CoinsListConfigurator.swift */; };
		F4C0068A297E64A700A51087 /* CoinsSectionViewModel.swift in Sources */ = {isa = PBXBuildFile; fileRef = F4C00689297E64A700A51087 /* CoinsSectionViewModel.swift */; };
		F4C450CA295AC102004453DE /* Coins.swift in Sources */ = {isa = PBXBuildFile; fileRef = F4C450C9295AC102004453DE /* Coins.swift */; };
/* End PBXBuildFile section */

/* Begin PBXFileReference section */
		F417D260295830150093DFDD /* TextField.swift */ = {isa = PBXFileReference; lastKnownFileType = sourcecode.swift; path = TextField.swift; sourceTree = "<group>"; };
		F460D9B82969491D00B3ECD2 /* RootViewController.swift */ = {isa = PBXFileReference; lastKnownFileType = sourcecode.swift; path = RootViewController.swift; sourceTree = "<group>"; };
		F460D9BA2969515300B3ECD2 /* SplashViewController.swift */ = {isa = PBXFileReference; lastKnownFileType = sourcecode.swift; path = SplashViewController.swift; sourceTree = "<group>"; };
		F49290D72955986100DCA0B2 /* CryptoWallet.app */ = {isa = PBXFileReference; explicitFileType = wrapper.application; includeInIndex = 0; path = CryptoWallet.app; sourceTree = BUILT_PRODUCTS_DIR; };
		F49290DA2955986100DCA0B2 /* AppDelegate.swift */ = {isa = PBXFileReference; lastKnownFileType = sourcecode.swift; path = AppDelegate.swift; sourceTree = "<group>"; };
		F49290DC2955986100DCA0B2 /* SceneDelegate.swift */ = {isa = PBXFileReference; lastKnownFileType = sourcecode.swift; path = SceneDelegate.swift; sourceTree = "<group>"; };
		F49290DE2955986100DCA0B2 /* AuthorizationViewController.swift */ = {isa = PBXFileReference; lastKnownFileType = sourcecode.swift; path = AuthorizationViewController.swift; sourceTree = "<group>"; };
		F49290E32955986300DCA0B2 /* Assets.xcassets */ = {isa = PBXFileReference; lastKnownFileType = folder.assetcatalog; path = Assets.xcassets; sourceTree = "<group>"; };
		F49290E62955986300DCA0B2 /* Base */ = {isa = PBXFileReference; lastKnownFileType = file.storyboard; name = Base; path = Base.lproj/LaunchScreen.storyboard; sourceTree = "<group>"; };
		F49290E82955986300DCA0B2 /* Info.plist */ = {isa = PBXFileReference; lastKnownFileType = text.plist.xml; path = Info.plist; sourceTree = "<group>"; };
		F49290F329559AD600DCA0B2 /* AuthorizationPresenter.swift */ = {isa = PBXFileReference; lastKnownFileType = sourcecode.swift; path = AuthorizationPresenter.swift; sourceTree = "<group>"; };
		F49290F529559AE600DCA0B2 /* AuthorizationInteractor.swift */ = {isa = PBXFileReference; lastKnownFileType = sourcecode.swift; path = AuthorizationInteractor.swift; sourceTree = "<group>"; };
		F49290F729559AF400DCA0B2 /* AuthorizationRouter.swift */ = {isa = PBXFileReference; lastKnownFileType = sourcecode.swift; path = AuthorizationRouter.swift; sourceTree = "<group>"; };
		F49290F929559B0900DCA0B2 /* AuthorizationConfigurator.swift */ = {isa = PBXFileReference; lastKnownFileType = sourcecode.swift; path = AuthorizationConfigurator.swift; sourceTree = "<group>"; };
		F493C1D5296FDFAF00CD483D /* NetworkManager.swift */ = {isa = PBXFileReference; lastKnownFileType = sourcecode.swift; path = NetworkManager.swift; sourceTree = "<group>"; };
		F49EECAF297668A200D50CFD /* CoinsCell.swift */ = {isa = PBXFileReference; lastKnownFileType = sourcecode.swift; path = CoinsCell.swift; sourceTree = "<group>"; };
		F49EECB1297668BB00D50CFD /* CoinsCellViewModel.swift */ = {isa = PBXFileReference; lastKnownFileType = sourcecode.swift; path = CoinsCellViewModel.swift; sourceTree = "<group>"; };
		F4B42734295C0E4000F31B77 /* CoinDetailsViewController.swift */ = {isa = PBXFileReference; lastKnownFileType = sourcecode.swift; path = CoinDetailsViewController.swift; sourceTree = "<group>"; };
		F4B42736295C102F00F31B77 /* CoinDetailPresenter.swift */ = {isa = PBXFileReference; lastKnownFileType = sourcecode.swift; path = CoinDetailPresenter.swift; sourceTree = "<group>"; };
		F4B42738295C115B00F31B77 /* CoinDetailsInteractor.swift */ = {isa = PBXFileReference; lastKnownFileType = sourcecode.swift; path = CoinDetailsInteractor.swift; sourceTree = "<group>"; };
		F4B4273A295C127800F31B77 /* CoinDetailsConfigurator.swift */ = {isa = PBXFileReference; lastKnownFileType = sourcecode.swift; path = CoinDetailsConfigurator.swift; sourceTree = "<group>"; };
		F4BC856629596B550059899B /* CoinsListViewController.swift */ = {isa = PBXFileReference; lastKnownFileType = sourcecode.swift; path = CoinsListViewController.swift; sourceTree = "<group>"; };
		F4BC856829596B680059899B /* CoinsListPresenter.swift */ = {isa = PBXFileReference; lastKnownFileType = sourcecode.swift; path = CoinsListPresenter.swift; sourceTree = "<group>"; };
		F4BC856A29596B780059899B /* CoinsListInteractor.swift */ = {isa = PBXFileReference; lastKnownFileType = sourcecode.swift; path = CoinsListInteractor.swift; sourceTree = "<group>"; };
		F4BC856C29596B840059899B /* CoinsListRouter.swift */ = {isa = PBXFileReference; lastKnownFileType = sourcecode.swift; path = CoinsListRouter.swift; sourceTree = "<group>"; };
		F4BC856E29596B8F0059899B /* CoinsListConfigurator.swift */ = {isa = PBXFileReference; lastKnownFileType = sourcecode.swift; path = CoinsListConfigurator.swift; sourceTree = "<group>"; };
		F4C00689297E64A700A51087 /* CoinsSectionViewModel.swift */ = {isa = PBXFileReference; lastKnownFileType = sourcecode.swift; path = CoinsSectionViewModel.swift; sourceTree = "<group>"; };
		F4C450C9295AC102004453DE /* Coins.swift */ = {isa = PBXFileReference; lastKnownFileType = sourcecode.swift; path = Coins.swift; sourceTree = "<group>"; };
/* End PBXFileReference section */

/* Begin PBXFrameworksBuildPhase section */
		F49290D42955986100DCA0B2 /* Frameworks */ = {
			isa = PBXFrameworksBuildPhase;
			buildActionMask = 2147483647;
			files = (
			);
			runOnlyForDeploymentPostprocessing = 0;
		};
/* End PBXFrameworksBuildPhase section */

/* Begin PBXGroup section */
		F417D262295833F60093DFDD /* Services */ = {
			isa = PBXGroup;
			children = (
				F493C1D5296FDFAF00CD483D /* NetworkManager.swift */,
			);
			path = Services;
			sourceTree = "<group>";
		};
		F460D9B72969490B00B3ECD2 /* Application Flow */ = {
			isa = PBXGroup;
			children = (
				F460D9B82969491D00B3ECD2 /* RootViewController.swift */,
				F460D9BA2969515300B3ECD2 /* SplashViewController.swift */,
			);
			path = "Application Flow";
			sourceTree = "<group>";
		};
		F49290CE2955986100DCA0B2 = {
			isa = PBXGroup;
			children = (
				F49290D92955986100DCA0B2 /* CryptoWallet */,
				F49290D82955986100DCA0B2 /* Products */,
			);
			sourceTree = "<group>";
		};
		F49290D82955986100DCA0B2 /* Products */ = {
			isa = PBXGroup;
			children = (
				F49290D72955986100DCA0B2 /* CryptoWallet.app */,
			);
			name = Products;
			sourceTree = "<group>";
		};
		F49290D92955986100DCA0B2 /* CryptoWallet */ = {
			isa = PBXGroup;
			children = (
				F417D260295830150093DFDD /* TextField.swift */,
				F460D9B72969490B00B3ECD2 /* Application Flow */,
				F49290EE2955998100DCA0B2 /* Authorization */,
				F4BC856529596B2A0059899B /* CoinsList */,
				F4B42733295C0E0100F31B77 /* CoinDetails */,
				F417D262295833F60093DFDD /* Services */,
				F49290F229559A7C00DCA0B2 /* Models */,
				F49290EF295599C300DCA0B2 /* Resources */,
				F49290F129559A1900DCA0B2 /* Storyboards */,
				F49290F0295599E800DCA0B2 /* Supporting Files */,
			);
			path = CryptoWallet;
			sourceTree = "<group>";
		};
		F49290EE2955998100DCA0B2 /* Authorization */ = {
			isa = PBXGroup;
			children = (
				F49290DE2955986100DCA0B2 /* AuthorizationViewController.swift */,
				F49290F329559AD600DCA0B2 /* AuthorizationPresenter.swift */,
				F49290F529559AE600DCA0B2 /* AuthorizationInteractor.swift */,
				F49290F729559AF400DCA0B2 /* AuthorizationRouter.swift */,
				F49290F929559B0900DCA0B2 /* AuthorizationConfigurator.swift */,
			);
			path = Authorization;
			sourceTree = "<group>";
		};
		F49290EF295599C300DCA0B2 /* Resources */ = {
			isa = PBXGroup;
			children = (
				F49290E32955986300DCA0B2 /* Assets.xcassets */,
			);
			path = Resources;
			sourceTree = "<group>";
		};
		F49290F0295599E800DCA0B2 /* Supporting Files */ = {
			isa = PBXGroup;
			children = (
				F49290DA2955986100DCA0B2 /* AppDelegate.swift */,
				F49290DC2955986100DCA0B2 /* SceneDelegate.swift */,
				F49290E82955986300DCA0B2 /* Info.plist */,
			);
			path = "Supporting Files";
			sourceTree = "<group>";
		};
		F49290F129559A1900DCA0B2 /* Storyboards */ = {
			isa = PBXGroup;
			children = (
				F49290E52955986300DCA0B2 /* LaunchScreen.storyboard */,
			);
			path = Storyboards;
			sourceTree = "<group>";
		};
		F49290F229559A7C00DCA0B2 /* Models */ = {
			isa = PBXGroup;
			children = (
				F4C450C9295AC102004453DE /* Coins.swift */,
			);
			path = Models;
			sourceTree = "<group>";
		};
		F4B42733295C0E0100F31B77 /* CoinDetails */ = {
			isa = PBXGroup;
			children = (
				F4B42734295C0E4000F31B77 /* CoinDetailsViewController.swift */,
				F4B42736295C102F00F31B77 /* CoinDetailPresenter.swift */,
				F4B42738295C115B00F31B77 /* CoinDetailsInteractor.swift */,
				F4B4273A295C127800F31B77 /* CoinDetailsConfigurator.swift */,
			);
			path = CoinDetails;
			sourceTree = "<group>";
		};
		F4BC856529596B2A0059899B /* CoinsList */ = {
			isa = PBXGroup;
			children = (
				F4C450CF295AD45F004453DE /* CoinsCell */,
				F4BC856629596B550059899B /* CoinsListViewController.swift */,
				F4BC856829596B680059899B /* CoinsListPresenter.swift */,
				F4BC856A29596B780059899B /* CoinsListInteractor.swift */,
				F4BC856C29596B840059899B /* CoinsListRouter.swift */,
				F4BC856E29596B8F0059899B /* CoinsListConfigurator.swift */,
			);
			path = CoinsList;
			sourceTree = "<group>";
		};
		F4C450CF295AD45F004453DE /* CoinsCell */ = {
			isa = PBXGroup;
			children = (
				F49EECAF297668A200D50CFD /* CoinsCell.swift */,
				F49EECB1297668BB00D50CFD /* CoinsCellViewModel.swift */,
				F4C00689297E64A700A51087 /* CoinsSectionViewModel.swift */,
			);
			path = CoinsCell;
			sourceTree = "<group>";
		};
/* End PBXGroup section */

/* Begin PBXNativeTarget section */
		F49290D62955986100DCA0B2 /* CryptoWallet */ = {
			isa = PBXNativeTarget;
			buildConfigurationList = F49290EB2955986300DCA0B2 /* Build configuration list for PBXNativeTarget "CryptoWallet" */;
			buildPhases = (
				F49290D32955986100DCA0B2 /* Sources */,
				F49290D42955986100DCA0B2 /* Frameworks */,
				F49290D52955986100DCA0B2 /* Resources */,
			);
			buildRules = (
			);
			dependencies = (
			);
			name = CryptoWallet;
			productName = CryptoWallet;
			productReference = F49290D72955986100DCA0B2 /* CryptoWallet.app */;
			productType = "com.apple.product-type.application";
		};
/* End PBXNativeTarget section */

/* Begin PBXProject section */
		F49290CF2955986100DCA0B2 /* Project object */ = {
			isa = PBXProject;
			attributes = {
				BuildIndependentTargetsInParallel = 1;
				LastSwiftUpdateCheck = 1410;
				LastUpgradeCheck = 1410;
				TargetAttributes = {
					F49290D62955986100DCA0B2 = {
						CreatedOnToolsVersion = 14.1;
					};
				};
			};
			buildConfigurationList = F49290D22955986100DCA0B2 /* Build configuration list for PBXProject "CryptoWallet" */;
			compatibilityVersion = "Xcode 14.0";
			developmentRegion = en;
			hasScannedForEncodings = 0;
			knownRegions = (
				en,
				Base,
			);
			mainGroup = F49290CE2955986100DCA0B2;
			productRefGroup = F49290D82955986100DCA0B2 /* Products */;
			projectDirPath = "";
			projectRoot = "";
			targets = (
				F49290D62955986100DCA0B2 /* CryptoWallet */,
			);
		};
/* End PBXProject section */

/* Begin PBXResourcesBuildPhase section */
		F49290D52955986100DCA0B2 /* Resources */ = {
			isa = PBXResourcesBuildPhase;
			buildActionMask = 2147483647;
			files = (
				F49290E72955986300DCA0B2 /* LaunchScreen.storyboard in Resources */,
				F49290E42955986300DCA0B2 /* Assets.xcassets in Resources */,
			);
			runOnlyForDeploymentPostprocessing = 0;
		};
/* End PBXResourcesBuildPhase section */

/* Begin PBXSourcesBuildPhase section */
		F49290D32955986100DCA0B2 /* Sources */ = {
			isa = PBXSourcesBuildPhase;
			buildActionMask = 2147483647;
			files = (
				F49290F429559AD600DCA0B2 /* AuthorizationPresenter.swift in Sources */,
				F4BC856F29596B8F0059899B /* CoinsListConfigurator.swift in Sources */,
				F4B42735295C0E4000F31B77 /* CoinDetailsViewController.swift in Sources */,
				F4C0068A297E64A700A51087 /* CoinsSectionViewModel.swift in Sources */,
				F4C450CA295AC102004453DE /* Coins.swift in Sources */,
				F4BC856929596B680059899B /* CoinsListPresenter.swift in Sources */,
				F49290DF2955986100DCA0B2 /* AuthorizationViewController.swift in Sources */,
				F4BC856B29596B780059899B /* CoinsListInteractor.swift in Sources */,
				F4B42737295C102F00F31B77 /* CoinDetailPresenter.swift in Sources */,
				F4B4273B295C127800F31B77 /* CoinDetailsConfigurator.swift in Sources */,
				F49290F829559AF400DCA0B2 /* AuthorizationRouter.swift in Sources */,
				F460D9B92969491D00B3ECD2 /* RootViewController.swift in Sources */,
				F49EECB2297668BB00D50CFD /* CoinsCellViewModel.swift in Sources */,
				F4B42739295C115B00F31B77 /* CoinDetailsInteractor.swift in Sources */,
				F493C1D6296FDFAF00CD483D /* NetworkManager.swift in Sources */,
				F417D261295830150093DFDD /* TextField.swift in Sources */,
				F49290F629559AE600DCA0B2 /* AuthorizationInteractor.swift in Sources */,
				F49EECB0297668A200D50CFD /* CoinsCell.swift in Sources */,
				F460D9BB2969515300B3ECD2 /* SplashViewController.swift in Sources */,
				F49290FA29559B0A00DCA0B2 /* AuthorizationConfigurator.swift in Sources */,
				F4BC856729596B550059899B /* CoinsListViewController.swift in Sources */,
				F49290DB2955986100DCA0B2 /* AppDelegate.swift in Sources */,
				F49290DD2955986100DCA0B2 /* SceneDelegate.swift in Sources */,
				F4BC856D29596B840059899B /* CoinsListRouter.swift in Sources */,
			);
			runOnlyForDeploymentPostprocessing = 0;
		};
/* End PBXSourcesBuildPhase section */

/* Begin PBXVariantGroup section */
		F49290E52955986300DCA0B2 /* LaunchScreen.storyboard */ = {
			isa = PBXVariantGroup;
			children = (
				F49290E62955986300DCA0B2 /* Base */,
			);
			name = LaunchScreen.storyboard;
			sourceTree = "<group>";
		};
/* End PBXVariantGroup section */

/* Begin XCBuildConfiguration section */
		F49290E92955986300DCA0B2 /* Debug */ = {
			isa = XCBuildConfiguration;
			buildSettings = {
				ALWAYS_SEARCH_USER_PATHS = NO;
				CLANG_ANALYZER_NONNULL = YES;
				CLANG_ANALYZER_NUMBER_OBJECT_CONVERSION = YES_AGGRESSIVE;
				CLANG_CXX_LANGUAGE_STANDARD = "gnu++20";
				CLANG_ENABLE_MODULES = YES;
				CLANG_ENABLE_OBJC_ARC = YES;
				CLANG_ENABLE_OBJC_WEAK = YES;
				CLANG_WARN_BLOCK_CAPTURE_AUTORELEASING = YES;
				CLANG_WARN_BOOL_CONVERSION = YES;
				CLANG_WARN_COMMA = YES;
				CLANG_WARN_CONSTANT_CONVERSION = YES;
				CLANG_WARN_DEPRECATED_OBJC_IMPLEMENTATIONS = YES;
				CLANG_WARN_DIRECT_OBJC_ISA_USAGE = YES_ERROR;
				CLANG_WARN_DOCUMENTATION_COMMENTS = YES;
				CLANG_WARN_EMPTY_BODY = YES;
				CLANG_WARN_ENUM_CONVERSION = YES;
				CLANG_WARN_INFINITE_RECURSION = YES;
				CLANG_WARN_INT_CONVERSION = YES;
				CLANG_WARN_NON_LITERAL_NULL_CONVERSION = YES;
				CLANG_WARN_OBJC_IMPLICIT_RETAIN_SELF = YES;
				CLANG_WARN_OBJC_LITERAL_CONVERSION = YES;
				CLANG_WARN_OBJC_ROOT_CLASS = YES_ERROR;
				CLANG_WARN_QUOTED_INCLUDE_IN_FRAMEWORK_HEADER = YES;
				CLANG_WARN_RANGE_LOOP_ANALYSIS = YES;
				CLANG_WARN_STRICT_PROTOTYPES = YES;
				CLANG_WARN_SUSPICIOUS_MOVE = YES;
				CLANG_WARN_UNGUARDED_AVAILABILITY = YES_AGGRESSIVE;
				CLANG_WARN_UNREACHABLE_CODE = YES;
				CLANG_WARN__DUPLICATE_METHOD_MATCH = YES;
				COPY_PHASE_STRIP = NO;
				DEBUG_INFORMATION_FORMAT = dwarf;
				ENABLE_STRICT_OBJC_MSGSEND = YES;
				ENABLE_TESTABILITY = YES;
				GCC_C_LANGUAGE_STANDARD = gnu11;
				GCC_DYNAMIC_NO_PIC = NO;
				GCC_NO_COMMON_BLOCKS = YES;
				GCC_OPTIMIZATION_LEVEL = 0;
				GCC_PREPROCESSOR_DEFINITIONS = (
					"DEBUG=1",
					"$(inherited)",
				);
				GCC_WARN_64_TO_32_BIT_CONVERSION = YES;
				GCC_WARN_ABOUT_RETURN_TYPE = YES_ERROR;
				GCC_WARN_UNDECLARED_SELECTOR = YES;
				GCC_WARN_UNINITIALIZED_AUTOS = YES_AGGRESSIVE;
				GCC_WARN_UNUSED_FUNCTION = YES;
				GCC_WARN_UNUSED_VARIABLE = YES;
				IPHONEOS_DEPLOYMENT_TARGET = 16.1;
				MTL_ENABLE_DEBUG_INFO = INCLUDE_SOURCE;
				MTL_FAST_MATH = YES;
				ONLY_ACTIVE_ARCH = YES;
				SDKROOT = iphoneos;
				SWIFT_ACTIVE_COMPILATION_CONDITIONS = DEBUG;
				SWIFT_OPTIMIZATION_LEVEL = "-Onone";
			};
			name = Debug;
		};
		F49290EA2955986300DCA0B2 /* Release */ = {
			isa = XCBuildConfiguration;
			buildSettings = {
				ALWAYS_SEARCH_USER_PATHS = NO;
				CLANG_ANALYZER_NONNULL = YES;
				CLANG_ANALYZER_NUMBER_OBJECT_CONVERSION = YES_AGGRESSIVE;
				CLANG_CXX_LANGUAGE_STANDARD = "gnu++20";
				CLANG_ENABLE_MODULES = YES;
				CLANG_ENABLE_OBJC_ARC = YES;
				CLANG_ENABLE_OBJC_WEAK = YES;
				CLANG_WARN_BLOCK_CAPTURE_AUTORELEASING = YES;
				CLANG_WARN_BOOL_CONVERSION = YES;
				CLANG_WARN_COMMA = YES;
				CLANG_WARN_CONSTANT_CONVERSION = YES;
				CLANG_WARN_DEPRECATED_OBJC_IMPLEMENTATIONS = YES;
				CLANG_WARN_DIRECT_OBJC_ISA_USAGE = YES_ERROR;
				CLANG_WARN_DOCUMENTATION_COMMENTS = YES;
				CLANG_WARN_EMPTY_BODY = YES;
				CLANG_WARN_ENUM_CONVERSION = YES;
				CLANG_WARN_INFINITE_RECURSION = YES;
				CLANG_WARN_INT_CONVERSION = YES;
				CLANG_WARN_NON_LITERAL_NULL_CONVERSION = YES;
				CLANG_WARN_OBJC_IMPLICIT_RETAIN_SELF = YES;
				CLANG_WARN_OBJC_LITERAL_CONVERSION = YES;
				CLANG_WARN_OBJC_ROOT_CLASS = YES_ERROR;
				CLANG_WARN_QUOTED_INCLUDE_IN_FRAMEWORK_HEADER = YES;
				CLANG_WARN_RANGE_LOOP_ANALYSIS = YES;
				CLANG_WARN_STRICT_PROTOTYPES = YES;
				CLANG_WARN_SUSPICIOUS_MOVE = YES;
				CLANG_WARN_UNGUARDED_AVAILABILITY = YES_AGGRESSIVE;
				CLANG_WARN_UNREACHABLE_CODE = YES;
				CLANG_WARN__DUPLICATE_METHOD_MATCH = YES;
				COPY_PHASE_STRIP = NO;
				DEBUG_INFORMATION_FORMAT = "dwarf-with-dsym";
				ENABLE_NS_ASSERTIONS = NO;
				ENABLE_STRICT_OBJC_MSGSEND = YES;
				GCC_C_LANGUAGE_STANDARD = gnu11;
				GCC_NO_COMMON_BLOCKS = YES;
				GCC_WARN_64_TO_32_BIT_CONVERSION = YES;
				GCC_WARN_ABOUT_RETURN_TYPE = YES_ERROR;
				GCC_WARN_UNDECLARED_SELECTOR = YES;
				GCC_WARN_UNINITIALIZED_AUTOS = YES_AGGRESSIVE;
				GCC_WARN_UNUSED_FUNCTION = YES;
				GCC_WARN_UNUSED_VARIABLE = YES;
				IPHONEOS_DEPLOYMENT_TARGET = 16.1;
				MTL_ENABLE_DEBUG_INFO = NO;
				MTL_FAST_MATH = YES;
				SDKROOT = iphoneos;
				SWIFT_COMPILATION_MODE = wholemodule;
				SWIFT_OPTIMIZATION_LEVEL = "-O";
				VALIDATE_PRODUCT = YES;
			};
			name = Release;
		};
		F49290EC2955986300DCA0B2 /* Debug */ = {
			isa = XCBuildConfiguration;
			buildSettings = {
				ASSETCATALOG_COMPILER_APPICON_NAME = AppIcon;
				ASSETCATALOG_COMPILER_GLOBAL_ACCENT_COLOR_NAME = AccentColor;
				CODE_SIGN_STYLE = Automatic;
				CURRENT_PROJECT_VERSION = 1;
				DEVELOPMENT_TEAM = 5QX49B9H53;
				GENERATE_INFOPLIST_FILE = YES;
				INFOPLIST_FILE = "CryptoWallet/Supporting Files/Info.plist";
				INFOPLIST_KEY_UIApplicationSupportsIndirectInputEvents = YES;
				INFOPLIST_KEY_UILaunchStoryboardName = LaunchScreen;
				INFOPLIST_KEY_UISupportedInterfaceOrientations = UIInterfaceOrientationPortrait;
				LD_RUNPATH_SEARCH_PATHS = (
					"$(inherited)",
					"@executable_path/Frameworks",
				);
				MARKETING_VERSION = 1.0;
				PRODUCT_BUNDLE_IDENTIFIER = com.durovCompany.CryptoWallet;
				PRODUCT_NAME = "$(TARGET_NAME)";
				SUPPORTED_PLATFORMS = "iphoneos iphonesimulator";
				SUPPORTS_MACCATALYST = NO;
				SUPPORTS_MAC_DESIGNED_FOR_IPHONE_IPAD = NO;
				SWIFT_EMIT_LOC_STRINGS = YES;
				SWIFT_VERSION = 5.0;
				TARGETED_DEVICE_FAMILY = "1,2";
			};
			name = Debug;
		};
		F49290ED2955986300DCA0B2 /* Release */ = {
			isa = XCBuildConfiguration;
			buildSettings = {
				ASSETCATALOG_COMPILER_APPICON_NAME = AppIcon;
				ASSETCATALOG_COMPILER_GLOBAL_ACCENT_COLOR_NAME = AccentColor;
				CODE_SIGN_STYLE = Automatic;
				CURRENT_PROJECT_VERSION = 1;
				DEVELOPMENT_TEAM = 5QX49B9H53;
				GENERATE_INFOPLIST_FILE = YES;
				INFOPLIST_FILE = "CryptoWallet/Supporting Files/Info.plist";
				INFOPLIST_KEY_UIApplicationSupportsIndirectInputEvents = YES;
				INFOPLIST_KEY_UILaunchStoryboardName = LaunchScreen;
				INFOPLIST_KEY_UISupportedInterfaceOrientations = UIInterfaceOrientationPortrait;
				LD_RUNPATH_SEARCH_PATHS = (
					"$(inherited)",
					"@executable_path/Frameworks",
				);
				MARKETING_VERSION = 1.0;
				PRODUCT_BUNDLE_IDENTIFIER = com.durovCompany.CryptoWallet;
				PRODUCT_NAME = "$(TARGET_NAME)";
				SUPPORTED_PLATFORMS = "iphoneos iphonesimulator";
				SUPPORTS_MACCATALYST = NO;
				SUPPORTS_MAC_DESIGNED_FOR_IPHONE_IPAD = NO;
				SWIFT_EMIT_LOC_STRINGS = YES;
				SWIFT_VERSION = 5.0;
				TARGETED_DEVICE_FAMILY = "1,2";
			};
			name = Release;
		};
/* End XCBuildConfiguration section */

/* Begin XCConfigurationList section */
		F49290D22955986100DCA0B2 /* Build configuration list for PBXProject "CryptoWallet" */ = {
			isa = XCConfigurationList;
			buildConfigurations = (
				F49290E92955986300DCA0B2 /* Debug */,
				F49290EA2955986300DCA0B2 /* Release */,
			);
			defaultConfigurationIsVisible = 0;
			defaultConfigurationName = Release;
		};
		F49290EB2955986300DCA0B2 /* Build configuration list for PBXNativeTarget "CryptoWallet" */ = {
			isa = XCConfigurationList;
			buildConfigurations = (
				F49290EC2955986300DCA0B2 /* Debug */,
				F49290ED2955986300DCA0B2 /* Release */,
			);
			defaultConfigurationIsVisible = 0;
			defaultConfigurationName = Release;
		};
/* End XCConfigurationList section */
	};
	rootObject = F49290CF2955986100DCA0B2 /* Project object */;
}
